<?xml version="1.0" encoding="UTF-8"?>
<CONFIG>
  <ProjectOptions>
    <Version Value="12"/>
    <PathDelim Value="\"/>
    <General>
      <SessionStorage Value="InProjectDir"/>
      <Title Value="Documate"/>
      <Scaled Value="True"/>
      <ResourceType Value="res"/>
      <UseXPManifest Value="True"/>
      <XPManifest>
        <DpiAware Value="True"/>
      </XPManifest>
      <Icon Value="0"/>
    </General>
    <VersionInfo>
      <UseVersionInfo Value="True"/>
      <MinorVersionNr Value="3"/>
      <StringTable LegalCopyright="Hans van Buggenum" LegalTrademarks="A tool intended to record relationships between objects and make them visually visible." ProductName="Documate" ProductVersion="1.0.0.0"/>
    </VersionInfo>
    <BuildModes>
      <Item Name="Default" Default="True"/>
      <Item Name="Debug">
        <CompilerOptions>
          <Version Value="11"/>
          <PathDelim Value="\"/>
          <Target>
            <Filename Value="Documate"/>
          </Target>
          <SearchPaths>
            <IncludeFiles Value="$(ProjOutDir)"/>
            <OtherUnitFiles Value="Views;Common;Presenter;Model"/>
            <UnitOutputDirectory Value="lib\$(TargetCPU)-$(TargetOS)"/>
          </SearchPaths>
          <Parsing>
            <SyntaxOptions>
              <IncludeAssertionCode Value="True"/>
            </SyntaxOptions>
          </Parsing>
          <CodeGeneration>
            <Checks>
              <IOChecks Value="True"/>
              <RangeChecks Value="True"/>
              <OverflowChecks Value="True"/>
              <StackChecks Value="True"/>
            </Checks>
            <VerifyObjMethodCallValidity Value="True"/>
          </CodeGeneration>
          <Linking>
            <Debugging>
              <DebugInfoType Value="dsDwarf3"/>
              <UseHeaptrc Value="True"/>
              <TrashVariables Value="True"/>
              <UseExternalDbgSyms Value="True"/>
            </Debugging>
            <Options>
              <Win32>
                <GraphicApplication Value="True"/>
              </Win32>
            </Options>
          </Linking>
        </CompilerOptions>
      </Item>
      <Item Name="Release">
        <CompilerOptions>
          <Version Value="11"/>
          <PathDelim Value="\"/>
          <Target>
            <Filename Value="Documate"/>
          </Target>
          <SearchPaths>
            <IncludeFiles Value="$(ProjOutDir)"/>
            <OtherUnitFiles Value="Views;Common;Presenter;Model"/>
            <UnitOutputDirectory Value="lib\$(TargetCPU)-$(TargetOS)"/>
          </SearchPaths>
          <CodeGeneration>
            <SmartLinkUnit Value="True"/>
            <Optimizations>
              <OptimizationLevel Value="3"/>
            </Optimizations>
          </CodeGeneration>
          <Linking>
            <Debugging>
              <GenerateDebugInfo Value="False"/>
            </Debugging>
            <LinkSmart Value="True"/>
            <Options>
              <Win32>
                <GraphicApplication Value="True"/>
              </Win32>
            </Options>
          </Linking>
        </CompilerOptions>
      </Item>
    </BuildModes>
    <PublishOptions>
      <Version Value="2"/>
      <DestinationDirectory Value="G:\Development\Lazarus\30\Documate\Publish"/>
      <UseFileFilters Value="True"/>
    </PublishOptions>
    <RunParams>
      <FormatVersion Value="2"/>
    </RunParams>
    <RequiredPackages>
      <Item>
        <PackageName Value="AnchorDocking"/>
      </Item>
      <Item>
        <PackageName Value="LCL"/>
      </Item>
    </RequiredPackages>
    <Units>
      <Unit>
        <Filename Value="Documate.lpr"/>
        <IsPartOfProject Value="True"/>
      </Unit>
      <Unit>
        <Filename Value="Views\viewmain.pas"/>
        <IsPartOfProject Value="True"/>
        <ComponentName Value="frmViewMain"/>
        <HasResources Value="True"/>
        <ResourceBaseClass Value="Form"/>
        <UnitName Value="ViewMain"/>
      </Unit>
      <Unit>
        <Filename Value="Common\vwmain.decl.pas"/>
        <IsPartOfProject Value="True"/>
      </Unit>
      <Unit>
        <Filename Value="Common\vwmain.intf.pas"/>
        <IsPartOfProject Value="True"/>
      </Unit>
      <Unit>
        <Filename Value="Presenter\vwmain.presenter.pas"/>
        <IsPartOfProject Value="True"/>
      </Unit>
      <Unit>
        <Filename Value="Model\vwmain.model.pas"/>
        <IsPartOfProject Value="True"/>
      </Unit>
      <Unit>
        <Filename Value="Common\vwmain.types.pas"/>
        <IsPartOfProject Value="True"/>
      </Unit>
      <Unit>
        <Filename Value="Common\vwmain.trxman.pas"/>
        <IsPartOfProject Value="True"/>
      </Unit>
      <Unit>
        <Filename Value="Common\settings.pas"/>
        <IsPartOfProject Value="True"/>
        <UnitName Value="Settings"/>
      </Unit>
      <Unit>
        <Filename Value="Views\viewconfigure.pas"/>
        <IsPartOfProject Value="True"/>
        <ComponentName Value="frmViewConfigure"/>
        <HasResources Value="True"/>
        <ResourceBaseClass Value="Form"/>
        <UnitName Value="ViewConfigure"/>
      </Unit>
      <Unit>
        <Filename Value="Common\logging.pas"/>
        <IsPartOfProject Value="True"/>
        <UnitName Value="Logging"/>
      </Unit>
      <Unit>
        <Filename Value="Common\appdb.pas"/>
        <IsPartOfProject Value="True"/>
        <UnitName Value="AppDb"/>
      </Unit>
      <Unit>
        <Filename Value="Common\appdbcreate.pas"/>
        <IsPartOfProject Value="True"/>
        <UnitName Value="AppDbCreate"/>
      </Unit>
      <Unit>
        <Filename Value="Views\viewnewdbfile.pas"/>
        <IsPartOfProject Value="True"/>
        <ComponentName Value="frmViewCreDbFile"/>
        <HasResources Value="True"/>
        <ResourceBaseClass Value="Form"/>
        <UnitName Value="ViewNewDbFile"/>
      </Unit>
      <Unit>
        <Filename Value="Common\buildcomponents.pas"/>
        <IsPartOfProject Value="True"/>
        <UnitName Value="BuildComponents"/>
      </Unit>
      <Unit>
        <Filename Value="Common\appdbopen.pas"/>
        <IsPartOfProject Value="True"/>
        <UnitName Value="AppDbOpen"/>
      </Unit>
      <Unit>
        <Filename Value="Common\appdbmaintainitems.pas"/>
        <IsPartOfProject Value="True"/>
        <UnitName Value="AppDbMaintainItems"/>
      </Unit>
      <Unit>
        <Filename Value="Common\stringgridfabric.pas"/>
        <IsPartOfProject Value="True"/>
        <UnitName Value="StringGridFabric"/>
      </Unit>
    </Units>
  </ProjectOptions>
  <CompilerOptions>
    <Version Value="11"/>
    <PathDelim Value="\"/>
    <Target>
      <Filename Value="Documate"/>
    </Target>
    <SearchPaths>
      <IncludeFiles Value="$(ProjOutDir)"/>
      <OtherUnitFiles Value="Views;Common;Presenter;Model"/>
      <UnitOutputDirectory Value="lib\$(TargetCPU)-$(TargetOS)"/>
    </SearchPaths>
    <Linking>
      <Debugging>
        <DebugInfoType Value="dsDwarf3"/>
      </Debugging>
      <Options>
        <Win32>
          <GraphicApplication Value="True"/>
        </Win32>
      </Options>
    </Linking>
  </CompilerOptions>
</CONFIG>
