<?xml version="1.0" encoding="UTF-8"?>
<CONFIG>
  <ProjectOptions>
    <Version Value="12"/>
    <PathDelim Value="\"/>
    <General>
      <SessionStorage Value="InProjectDir"/>
      <Title Value="Documate"/>
      <Scaled Value="True"/>
      <ResourceType Value="res"/>
      <UseXPManifest Value="True"/>
      <XPManifest>
        <DpiAware Value="True"/>
      </XPManifest>
      <Icon Value="0"/>
    </General>
    <VersionInfo>
      <UseVersionInfo Value="True"/>
      <MinorVersionNr Value="4"/>
      <Attributes pvaDebug="True"/>
      <StringTable FileDescription="Empty basic App skeleton conform (M)odel (V)iew (P)resenter" InternalName="Documate" LegalCopyright="HvB" LegalTrademarks="HvB" ProductName="Documate"/>
    </VersionInfo>
    <BuildModes>
      <Item Name="Default" Default="True"/>
      <Item Name="Debug">
        <CompilerOptions>
          <Version Value="11"/>
          <PathDelim Value="\"/>
          <Target>
            <Filename Value="Documate"/>
          </Target>
          <SearchPaths>
            <IncludeFiles Value="$(ProjOutDir)"/>
            <OtherUnitFiles Value="views;presenters;models;common"/>
            <UnitOutputDirectory Value="lib\$(TargetCPU)-$(TargetOS)"/>
          </SearchPaths>
          <Parsing>
            <SyntaxOptions>
              <IncludeAssertionCode Value="True"/>
            </SyntaxOptions>
          </Parsing>
          <CodeGeneration>
            <Checks>
              <IOChecks Value="True"/>
              <RangeChecks Value="True"/>
              <OverflowChecks Value="True"/>
              <StackChecks Value="True"/>
            </Checks>
            <VerifyObjMethodCallValidity Value="True"/>
          </CodeGeneration>
          <Linking>
            <Debugging>
              <DebugInfoType Value="dsDwarf3"/>
              <UseHeaptrc Value="True"/>
              <TrashVariables Value="True"/>
              <StripSymbols Value="True"/>
              <UseExternalDbgSyms Value="True"/>
            </Debugging>
            <Options>
              <Win32>
                <GraphicApplication Value="True"/>
              </Win32>
            </Options>
          </Linking>
        </CompilerOptions>
      </Item>
      <Item Name="Release">
        <CompilerOptions>
          <Version Value="11"/>
          <PathDelim Value="\"/>
          <Target>
            <Filename Value="Documate"/>
          </Target>
          <SearchPaths>
            <IncludeFiles Value="$(ProjOutDir)"/>
            <OtherUnitFiles Value="views;presenters;models;common"/>
            <UnitOutputDirectory Value="lib\$(TargetCPU)-$(TargetOS)"/>
          </SearchPaths>
          <CodeGeneration>
            <SmartLinkUnit Value="True"/>
            <Optimizations>
              <OptimizationLevel Value="3"/>
            </Optimizations>
          </CodeGeneration>
          <Linking>
            <Debugging>
              <GenerateDebugInfo Value="False"/>
              <RunWithoutDebug Value="True"/>
            </Debugging>
            <LinkSmart Value="True"/>
            <Options>
              <Win32>
                <GraphicApplication Value="True"/>
              </Win32>
            </Options>
          </Linking>
        </CompilerOptions>
      </Item>
    </BuildModes>
    <PublishOptions>
      <Version Value="2"/>
      <DestinationDirectory Value="D:\Development\Pascal\34\Documate\Published"/>
      <UseFileFilters Value="True"/>
    </PublishOptions>
    <RunParams>
      <FormatVersion Value="2"/>
    </RunParams>
    <RequiredPackages>
      <Item>
        <PackageName Value="LCL"/>
      </Item>
    </RequiredPackages>
    <Units>
      <Unit>
        <Filename Value="Documate.lpr"/>
        <IsPartOfProject Value="True"/>
      </Unit>
      <Unit>
        <Filename Value="views\view.main.lfm"/>
        <IsPartOfProject Value="True"/>
      </Unit>
      <Unit>
        <Filename Value="views\view.main.pas"/>
        <IsPartOfProject Value="True"/>
        <ComponentName Value="frmMain"/>
        <HasResources Value="True"/>
        <ResourceBaseClass Value="Form"/>
      </Unit>
      <Unit>
        <Filename Value="presenters\presenter.main.pas"/>
        <IsPartOfProject Value="True"/>
      </Unit>
      <Unit>
        <Filename Value="presenters\presenter.trax.pas"/>
        <IsPartOfProject Value="True"/>
      </Unit>
      <Unit>
        <Filename Value="models\model.base.pas"/>
        <IsPartOfProject Value="True"/>
      </Unit>
      <Unit>
        <Filename Value="models\model.decl.pas"/>
        <IsPartOfProject Value="True"/>
      </Unit>
      <Unit>
        <Filename Value="models\model.intf.pas"/>
        <IsPartOfProject Value="True"/>
      </Unit>
      <Unit>
        <Filename Value="models\model.main.pas"/>
        <IsPartOfProject Value="True"/>
      </Unit>
      <Unit>
        <Filename Value="common\istrlist.pas"/>
        <IsPartOfProject Value="True"/>
      </Unit>
      <Unit>
        <Filename Value="common\obs_prosu.pas"/>
        <IsPartOfProject Value="True"/>
      </Unit>
      <Unit>
        <Filename Value="common\settings.pas"/>
        <IsPartOfProject Value="True"/>
        <UnitName Value="Settings"/>
      </Unit>
      <Unit>
        <Filename Value="common\logging.pas"/>
        <IsPartOfProject Value="True"/>
        <UnitName Value="Logging"/>
      </Unit>
      <Unit>
        <Filename Value="views\view.configure.pas"/>
        <IsPartOfProject Value="True"/>
        <ComponentName Value="frmConfigure"/>
        <HasResources Value="True"/>
        <ResourceBaseClass Value="Form"/>
      </Unit>
      <Unit>
        <Filename Value="common\stringgridfabric.pas"/>
        <IsPartOfProject Value="True"/>
        <UnitName Value="StringGridFabric"/>
      </Unit>
      <Unit>
        <Filename Value="common\dmutils.pas"/>
        <IsPartOfProject Value="True"/>
        <UnitName Value="DmUtils"/>
      </Unit>
      <Unit>
        <Filename Value="common\buildcomponents.pas"/>
        <IsPartOfProject Value="True"/>
        <UnitName Value="BuildComponents"/>
      </Unit>
      <Unit>
        <Filename Value="common\appdb.pas"/>
        <IsPartOfProject Value="True"/>
        <UnitName Value="AppDb"/>
      </Unit>
      <Unit>
        <Filename Value="common\appdbmaintain.pas"/>
        <IsPartOfProject Value="True"/>
        <UnitName Value="AppDbMaintain"/>
      </Unit>
      <Unit>
        <Filename Value="common\appdbcreate.pas"/>
        <IsPartOfProject Value="True"/>
        <UnitName Value="AppDbCreate"/>
      </Unit>
      <Unit>
        <Filename Value="common\appdbmaintainitems.pas"/>
        <IsPartOfProject Value="True"/>
        <UnitName Value="AppDbMaintainItems"/>
      </Unit>
      <Unit>
        <Filename Value="common\appdbopen.pas"/>
        <IsPartOfProject Value="True"/>
        <UnitName Value="AppDbOpen"/>
      </Unit>
      <Unit>
        <Filename Value="views\view.newdbfile.pas"/>
        <IsPartOfProject Value="True"/>
        <ComponentName Value="frmViewCreDbFile"/>
        <HasResources Value="True"/>
        <ResourceBaseClass Value="Form"/>
        <UnitName Value="View.NewDbFile"/>
      </Unit>
    </Units>
  </ProjectOptions>
  <CompilerOptions>
    <Version Value="11"/>
    <PathDelim Value="\"/>
    <Target>
      <Filename Value="Documate"/>
    </Target>
    <SearchPaths>
      <OtherUnitFiles Value="views;presenters;models;common"/>
      <UnitOutputDirectory Value="lib\$(TargetCPU)-$(TargetOS)"/>
    </SearchPaths>
    <Linking>
      <Debugging>
        <DebugInfoType Value="dsDwarf3"/>
      </Debugging>
      <Options>
        <Win32>
          <GraphicApplication Value="True"/>
        </Win32>
      </Options>
    </Linking>
  </CompilerOptions>
</CONFIG>
